
Microsoft Visual Studio Solution File, Format Version 12.00
# Visual Studio 14
VisualStudioVersion = 14.0.25420.1
MinimumVisualStudioVersion = 10.0.40219.1
Project("{FAE04EC0-301F-11D3-BF4B-00C04F79EFBC}") = "Sam Web Browser", "Sam Web Browser\Sam Web Browser.csproj", "{71116BDA-2572-4F03-BD2F-E4595B788BEC}"
EndProject
Global
	GlobalSection(SolutionConfigurationPlatforms) = preSolution
		Debug|Any CPU = Debug|Any CPU
		Release|Any CPU = Release|Any CPU
	EndGlobalSection
	GlobalSection(ProjectConfigurationPlatforms) = postSolution
		{71116BDA-2572-4F03-BD2F-E4595B788BEC}.Debug|Any CPU.ActiveCfg = Debug|Any CPU
		{71116BDA-2572-4F03-BD2F-E4595B788BEC}.Debug|Any CPU.Build.0 = Debug|Any CPU
		{71116BDA-2572-4F03-BD2F-E4595B788BEC}.Release|Any CPU.ActiveCfg = Release|Any CPU
		{71116BDA-2572-4F03-BD2F-E4595B788BEC}.Release|Any CPU.Build.0 = Release|Any CPU
	EndGlobalSection
	GlobalSection(SolutionProperties) = preSolution
		HideSolutionNode = FALSE
	EndGlobalSection
EndGlobal
